
Microsoft Visual Studio Solution File, Format Version 12.00
# Visual Studio Version 17
VisualStudioVersion = 17.3.32929.385
MinimumVisualStudioVersion = 10.0.40219.1
Project("{FAE04EC0-301F-11D3-BF4B-00C04F79EFBC}") = "HotTours_Midili", "HotTours_Midili.csproj", "{D6CA2F29-C9B0-4AA7-B812-985BA36C13F1}"
EndProject
Global
	GlobalSection(SolutionConfigurationPlatforms) = preSolution
		Debug|Any CPU = Debug|Any CPU
		Release|Any CPU = Release|Any CPU
	EndGlobalSection
	GlobalSection(ProjectConfigurationPlatforms) = postSolution
		{D6CA2F29-C9B0-4AA7-B812-985BA36C13F1}.Debug|Any CPU.ActiveCfg = Debug|Any CPU
		{D6CA2F29-C9B0-4AA7-B812-985BA36C13F1}.Debug|Any CPU.Build.0 = Debug|Any CPU
		{D6CA2F29-C9B0-4AA7-B812-985BA36C13F1}.Release|Any CPU.ActiveCfg = Release|Any CPU
		{D6CA2F29-C9B0-4AA7-B812-985BA36C13F1}.Release|Any CPU.Build.0 = Release|Any CPU
	EndGlobalSection
	GlobalSection(SolutionProperties) = preSolution
		HideSolutionNode = FALSE
	EndGlobalSection
	GlobalSection(ExtensibilityGlobals) = postSolution
		SolutionGuid = {E12D2E0E-88F0-4091-AE3F-E707730694A6}
	EndGlobalSection
EndGlobal
